
Microsoft Visual Studio Solution File, Format Version 12.00
# Visual Studio Version 17
VisualStudioVersion = 17.7.34024.191
MinimumVisualStudioVersion = 10.0.40219.1
Project("{9A19103F-16F7-4668-BE54-9A1E7A4F7556}") = "OTUS.HA.SN.Web.Api", "src\Api\OTUS.HA.SN.Web.Api\OTUS.HA.SN.Web.Api.csproj", "{BE05333F-4488-45E0-B0B7-409B4841EB80}"
EndProject
Project("{2150E333-8FDC-42A3-9474-1A3956D46DE8}") = "src", "src", "{9AE7E1EC-31C2-4207-9063-7CE84F9B0CF6}"
EndProject
Project("{2150E333-8FDC-42A3-9474-1A3956D46DE8}") = "Api", "Api", "{9FFDDAFC-EB3C-4E1D-9CF3-97CBC73FF6A0}"
EndProject
Project("{2150E333-8FDC-42A3-9474-1A3956D46DE8}") = "BuildingBlocks", "BuildingBlocks", "{B716F4B4-681B-4C2E-B8DE-9C88811DE55E}"
EndProject
Project("{2150E333-8FDC-42A3-9474-1A3956D46DE8}") = "Extensions", "Extensions", "{A97676D5-09E5-4ABC-8BE3-6514B10C19BF}"
EndProject
Project("{2150E333-8FDC-42A3-9474-1A3956D46DE8}") = "Models", "Models", "{23368244-BF44-4882-B265-D6AC6879B2E2}"
EndProject
Project("{2150E333-8FDC-42A3-9474-1A3956D46DE8}") = "Api", "Api", "{7EA04E24-6F7E-4F49-8896-356F6E00C58A}"
EndProject
Project("{2150E333-8FDC-42A3-9474-1A3956D46DE8}") = "Models", "Models", "{227F191E-57DF-45EB-AB1A-25FC9598C57C}"
EndProject
Project("{9A19103F-16F7-4668-BE54-9A1E7A4F7556}") = "OTUS.HA.SN.Web.Api.Model.Input", "src\BuildingBlocks\Api\Models\OTUS.HA.SN.Web.Api.Model.Input\OTUS.HA.SN.Web.Api.Model.Input.csproj", "{96AE12EF-5B78-409E-9785-A4261E27608A}"
EndProject
Project("{2150E333-8FDC-42A3-9474-1A3956D46DE8}") = "BusinessLogic", "BusinessLogic", "{09AF9CCE-AE03-44CE-BC28-BE64814DAED6}"
EndProject
Project("{9A19103F-16F7-4668-BE54-9A1E7A4F7556}") = "OTUS.HA.SN.BusinessLogic.Users", "src\BuildingBlocks\BusinessLogic\OTUS.HA.SN.BusinessLogic.Users\OTUS.HA.SN.BusinessLogic.Users.csproj", "{F10C3EF6-1C8D-4D94-8B73-AE4B02E8B605}"
EndProject
Project("{9A19103F-16F7-4668-BE54-9A1E7A4F7556}") = "OTUS.HA.SN.BusinessLogic.Abstractions", "src\BuildingBlocks\BusinessLogic\OTUS.HA.SN.BusinessLogic.Abstractions\OTUS.HA.SN.BusinessLogic.Abstractions.csproj", "{925EF821-46C7-4AA7-8E8A-A6B2FF136D3A}"
EndProject
Project("{9A19103F-16F7-4668-BE54-9A1E7A4F7556}") = "OTUS.HA.SN.Web.Api.Model.Output", "src\BuildingBlocks\Api\Models\OTUS.HA.SN.Web.Api.Model.Output\OTUS.HA.SN.Web.Api.Model.Output.csproj", "{961D56B0-BAC6-49F8-8422-2172CD689D28}"
EndProject
Project("{2150E333-8FDC-42A3-9474-1A3956D46DE8}") = "DataAccess", "DataAccess", "{9D82A31E-441E-4E55-A4F9-DB7516D4E3AC}"
EndProject
Project("{9A19103F-16F7-4668-BE54-9A1E7A4F7556}") = "OTUS.HS.SN.Data.Master.Context", "src\BuildingBlocks\DataAccess\OTUS.HS.SN.Data.Master.Context\OTUS.HS.SN.Data.Master.Context.csproj", "{C6F267A1-B53F-42D8-9A75-4E88EF0BD8C7}"
EndProject
Project("{9A19103F-16F7-4668-BE54-9A1E7A4F7556}") = "OTUS.HS.SN.Data.Master.Model", "src\BuildingBlocks\DataAccess\OTUS.HS.SN.Data.Master.Model\OTUS.HS.SN.Data.Master.Model.csproj", "{2ADABD81-699D-47D7-8AB5-9160E3CF01D8}"
EndProject
Project("{2150E333-8FDC-42A3-9474-1A3956D46DE8}") = "Authentication", "Authentication", "{DA5D6E47-D967-4732-9ECA-FD6B65E7D1E8}"
EndProject
Project("{9A19103F-16F7-4668-BE54-9A1E7A4F7556}") = "OTUS.HA.SN.Auth.Jwt.Abstractions", "src\BuildingBlocks\Api\Authentication\OTUS.HA.SN.Auth.Jwt.Abstractions\OTUS.HA.SN.Auth.Jwt.Abstractions.csproj", "{E61ED84F-6741-4CEE-8EC4-14F9F895E92A}"
EndProject
Project("{9A19103F-16F7-4668-BE54-9A1E7A4F7556}") = "OTUS.HA.SN.Auth.Jwt", "src\BuildingBlocks\Api\Authentication\OTUS.HA.SN.Auth.Jwt\OTUS.HA.SN.Auth.Jwt.csproj", "{748A0525-0102-46D8-BA2F-528DA1F0D5B7}"
EndProject
Project("{9A19103F-16F7-4668-BE54-9A1E7A4F7556}") = "OTUS.HA.SN.Web.Api.Model.Input.Validation", "src\BuildingBlocks\Api\Models\OTUS.HA.SN.Web.Api.Model.Input.Validation\OTUS.HA.SN.Web.Api.Model.Input.Validation.csproj", "{37C4062B-D0DA-4F5D-A928-317A4C5E3D6C}"
EndProject
Project("{2150E333-8FDC-42A3-9474-1A3956D46DE8}") = "DataBase", "DataBase", "{D71870EF-8A41-46EB-B6E4-FA8163D0A538}"
EndProject
Project("{2150E333-8FDC-42A3-9474-1A3956D46DE8}") = "Master", "Master", "{5308D3B7-FF3C-41FB-A8AB-E25D3F161AF8}"
EndProject
Project("{2150E333-8FDC-42A3-9474-1A3956D46DE8}") = "deploy", "deploy", "{E04100F5-10EA-47F2-8A04-6A7B6B5A804D}"
	ProjectSection(SolutionItems) = preProject
		deploy\user_data.copy = deploy\user_data.copy
		deploy\user_data_auth.copy = deploy\user_data_auth.copy
	EndProjectSection
EndProject
Project("{E53339B2-1760-4266-BCC7-CA923CBCF16C}") = "docker-compose", "docker-compose.dcproj", "{19BE487F-F7C9-4F33-8113-019C440DE04B}"
EndProject
Project("{2150E333-8FDC-42A3-9474-1A3956D46DE8}") = "Cryptography", "Cryptography", "{C0A0C5B1-BEBE-4C9D-8237-B1C2CFE51BF8}"
EndProject
Project("{9A19103F-16F7-4668-BE54-9A1E7A4F7556}") = "System.Security.Cryptography.Extensions", "src\BuildingBlocks\Extensions\Cryptography\System.Security.Cryptography.Extensions\System.Security.Cryptography.Extensions.csproj", "{99CC0C66-3848-44CE-91C8-39860AC86F9A}"
EndProject
Project("{2150E333-8FDC-42A3-9474-1A3956D46DE8}") = "AspNetCore", "AspNetCore", "{F391905A-1342-45D0-931F-F967CB1A0A8A}"
EndProject
Project("{9A19103F-16F7-4668-BE54-9A1E7A4F7556}") = "Microsoft.AspNetCode.Mvc.Filters", "src\BuildingBlocks\Extensions\AspNetCore\Microsoft.AspNetCode.Mvc.Filters\Microsoft.AspNetCode.Mvc.Filters.csproj", "{E451C64C-4DF2-4DEF-BB7A-C98B0FFA734B}"
EndProject
Project("{2150E333-8FDC-42A3-9474-1A3956D46DE8}") = "Solution Items", "Solution Items", "{3CD84388-B9DF-4A29-9678-F828C411C485}"
	ProjectSection(SolutionItems) = preProject
		.editorconfig = .editorconfig
		.gitattributes = .gitattributes
		.gitignore = .gitignore
		Directory.Packages.props = Directory.Packages.props
		LICENSE = LICENSE
		README.md = README.md
	EndProjectSection
EndProject
Project("{2150E333-8FDC-42A3-9474-1A3956D46DE8}") = "Apps", "Apps", "{05714CED-3435-4C5B-8569-950E5D3FDF57}"
EndProject
Project("{2150E333-8FDC-42A3-9474-1A3956D46DE8}") = "Helpers", "Helpers", "{DFF1F27B-88C1-4D57-81B8-D7C414BE0733}"
EndProject
Project("{9A19103F-16F7-4668-BE54-9A1E7A4F7556}") = "OTUS.HS.SN.DB.Data", "src\Apps\Helpers\OTUS.HS.SN.DB.Data\OTUS.HS.SN.DB.Data.csproj", "{812461DE-152F-4FC7-BD99-14049F1A136D}"
EndProject
Project("{9A19103F-16F7-4668-BE54-9A1E7A4F7556}") = "OTUS.HA.SN.BusinessLogic.Friends", "src\BuildingBlocks\BusinessLogic\OTUS.HA.SN.BusinessLogic.Friends\OTUS.HA.SN.BusinessLogic.Friends.csproj", "{2F170A20-5F29-4D26-9C39-F64C01D5A061}"
EndProject
Project("{9A19103F-16F7-4668-BE54-9A1E7A4F7556}") = "OTUS.HA.SN.BusinessLogic.Posts", "src\BuildingBlocks\BusinessLogic\OTUS.HA.SN.BusinessLogic.Posts\OTUS.HA.SN.BusinessLogic.Posts.csproj", "{F6F5195A-A152-41B3-BC78-10C10771A130}"
EndProject
Project("{9A19103F-16F7-4668-BE54-9A1E7A4F7556}") = "OTUS.HS.SN.Data.DataService.Abstractions", "src\BuildingBlocks\DataAccess\OTUS.HS.SN.Data.DataService.Abstractions\OTUS.HS.SN.Data.DataService.Abstractions.csproj", "{6E12B798-17B2-480A-BEC2-AA2A5D9DD63E}"
EndProject
Project("{9A19103F-16F7-4668-BE54-9A1E7A4F7556}") = "OTUS.HS.SN.Data.DataService.DistributedCache", "src\BuildingBlocks\DataAccess\OTUS.HS.SN.Data.DataService.DistributedCache\OTUS.HS.SN.Data.DataService.DistributedCache.csproj", "{177D4259-C1D0-422E-B4CF-C709D451F122}"
EndProject
Project("{2150E333-8FDC-42A3-9474-1A3956D46DE8}") = "Caching", "Caching", "{E1D3AACC-8286-434C-B404-C4E544B9535D}"
EndProject
Project("{9A19103F-16F7-4668-BE54-9A1E7A4F7556}") = "MS.Extensions.Caching.Distributed.Extensions", "src\BuildingBlocks\Extensions\Caching\MS.Extensions.Caching.Distributed.Extensions\MS.Extensions.Caching.Distributed.Extensions.csproj", "{19BEA96C-F7A6-4ACA-A57E-577DE6AAA59F}"
EndProject
Project("{2150E333-8FDC-42A3-9474-1A3956D46DE8}") = "Collections", "Collections", "{755FCC88-E34F-47CA-8BC6-018004D774F3}"
EndProject
Project("{9A19103F-16F7-4668-BE54-9A1E7A4F7556}") = "System.Collections.Generic.BackgroundTaskQueue", "src\BuildingBlocks\Collections\System.Collections.Generic.BackgroundTaskQueue\System.Collections.Generic.BackgroundTaskQueue.csproj", "{48D30F0C-3EEE-4DCB-AFEB-1155BD1DC1A5}"
EndProject
Project("{9A19103F-16F7-4668-BE54-9A1E7A4F7556}") = "OTUS.HA.SN.BusinessLogic.Dialogs", "src\BuildingBlocks\BusinessLogic\OTUS.HA.SN.BusinessLogic.Dialogs\OTUS.HA.SN.BusinessLogic.Dialogs.csproj", "{098B62EC-FBAB-463A-9BA2-4AF41B8256C7}"
EndProject
Project("{2150E333-8FDC-42A3-9474-1A3956D46DE8}") = "psql", "psql", "{D3A9586D-6DE3-462D-AF6E-C40C2492CB45}"
EndProject
Project("{2150E333-8FDC-42A3-9474-1A3956D46DE8}") = "master", "master", "{A8136513-DC7B-4AD0-80AB-EFD7A6935C7E}"
	ProjectSection(SolutionItems) = preProject
		deploy\psql\master\init.sh = deploy\psql\master\init.sh
		deploy\psql\master\pg_hba.conf = deploy\psql\master\pg_hba.conf
		deploy\psql\master\postgresql.conf = deploy\psql\master\postgresql.conf
	EndProjectSection
EndProject
Project("{2150E333-8FDC-42A3-9474-1A3956D46DE8}") = "slave", "slave", "{491267C3-C13C-48D8-A105-DC42AE2437D5}"
	ProjectSection(SolutionItems) = preProject
		deploy\psql\slave\init_slave.sh = deploy\psql\slave\init_slave.sh
	EndProjectSection
EndProject
Project("{2150E333-8FDC-42A3-9474-1A3956D46DE8}") = "citus", "citus", "{E776142D-00F5-41A6-94AE-1107B418C3CF}"
EndProject
Project("{2150E333-8FDC-42A3-9474-1A3956D46DE8}") = "master", "master", "{98F91EA4-1DB8-4E40-9C87-14CD8561EB5D}"
	ProjectSection(SolutionItems) = preProject
		deploy\citus\master\init.sh = deploy\citus\master\init.sh
	EndProjectSection
EndProject
Project("{9A19103F-16F7-4668-BE54-9A1E7A4F7556}") = "OTUS.HA.SN.Data.DialogContext", "src\BuildingBlocks\DataAccess\OTUS.HA.SN.Data.DialogContext\OTUS.HA.SN.Data.DialogContext.csproj", "{E60AF72A-925A-4D61-BF5C-089459CF43C4}"
EndProject
Project("{9A19103F-16F7-4668-BE54-9A1E7A4F7556}") = "OTUS.HA.SN.Data.Dialog.Model", "src\BuildingBlocks\DataAccess\OTUS.HA.SN.Data.Dialog.Model\OTUS.HA.SN.Data.Dialog.Model.csproj", "{7E410E59-D493-4B5B-9ECD-4AEE7EB141A4}"
EndProject
Project("{9A19103F-16F7-4668-BE54-9A1E7A4F7556}") = "OTUS.HA.SN.Kafka.Message", "src\BuildingBlocks\EventBus\OTUS.HA.SN.Kafka.Message\OTUS.HA.SN.Kafka.Message.csproj", "{A2A8CBBC-3E6C-4DF8-A010-D1F19BD9AA8C}"
EndProject
Project("{9A19103F-16F7-4668-BE54-9A1E7A4F7556}") = "OTUS.HA.SN.Web.AsyncApi", "src\Api\OTUS.HA.SN.Web.AsyncApi\OTUS.HA.SN.Web.AsyncApi.csproj", "{D7EC3314-AA40-4FD0-A0A4-8A3B935DF34B}"
EndProject
Project("{9A19103F-16F7-4668-BE54-9A1E7A4F7556}") = "OTUS.HA.SN.Web.Api.Dialogs", "src\Api\OTUS.HA.SN.Web.Api.Dialogs\OTUS.HA.SN.Web.Api.Dialogs.csproj", "{FD13559E-CCBB-4D3A-9912-911F8DB27215}"
EndProject
Project("{9A19103F-16F7-4668-BE54-9A1E7A4F7556}") = "OTUS.HA.SN.Web.Api.Dialogs.Model.Output", "src\BuildingBlocks\Api\Models\OTUS.HA.SN.Web.Api.Dialogs.Model.Output\OTUS.HA.SN.Web.Api.Dialogs.Model.Output.csproj", "{C2E06620-AB0A-47AC-A3E0-380CBEF9C288}"
EndProject
Project("{9A19103F-16F7-4668-BE54-9A1E7A4F7556}") = "OTUS.HA.SN.Web.Api.Dialogs.Model.Input", "src\BuildingBlocks\Api\Models\OTUS.HA.SN.Web.Api.Dialogs.Model.Input\OTUS.HA.SN.Web.Api.Dialogs.Model.Input.csproj", "{8851F41B-4DCE-4D03-ADBA-2681FFDBABD7}"
EndProject
Project("{9A19103F-16F7-4668-BE54-9A1E7A4F7556}") = "OTUS.HA.SN.Web.Api.Dialogs.Model.Input.Validation", "src\BuildingBlocks\Api\Models\OTUS.HA.SN.Web.Api.Dialogs.Model.Input.Validation\OTUS.HA.SN.Web.Api.Dialogs.Model.Input.Validation.csproj", "{B11372CF-BB42-48A9-ADBE-E60305E37033}"
EndProject
Project("{2150E333-8FDC-42A3-9474-1A3956D46DE8}") = "tarantool", "tarantool", "{36112461-CBEA-410F-8787-917B26038312}"
EndProject
Project("{2150E333-8FDC-42A3-9474-1A3956D46DE8}") = "master", "master", "{6922985D-C49F-430E-9F26-35E74D8779B7}"
	ProjectSection(SolutionItems) = preProject
		deploy\tarantool\master\init.lua = deploy\tarantool\master\init.lua
	EndProjectSection
EndProject
Project("{9A19103F-16F7-4668-BE54-9A1E7A4F7556}") = "OTUS.HA.SN.Data.Dialog.TarantoolModel", "src\BuildingBlocks\DataAccess\OTUS.HA.SN.Data.Dialog.TarantoolModel\OTUS.HA.SN.Data.Dialog.TarantoolModel.csproj", "{BD773151-4EC5-43AF-94EE-143D48970C1E}"
EndProject
Project("{9A19103F-16F7-4668-BE54-9A1E7A4F7556}") = "OTUS.HS.SN.Data.Auth.Model", "src\BuildingBlocks\DataAccess\OTUS.HS.SN.Data.Auth.Model\OTUS.HS.SN.Data.Auth.Model.csproj", "{4F252C95-0167-4923-AE72-38AE603B9252}"
EndProject
Project("{9A19103F-16F7-4668-BE54-9A1E7A4F7556}") = "OTUS.HS.SN.Data.Auth.Context", "src\BuildingBlocks\DataAccess\OTUS.HS.SN.Data.Auth.Context\OTUS.HS.SN.Data.Auth.Context.csproj", "{8CEA34C1-E120-404B-8A3B-9957C381D1E0}"
EndProject
Project("{9A19103F-16F7-4668-BE54-9A1E7A4F7556}") = "OTUS.HA.SN.Web.App.Auth.Model.Input", "src\BuildingBlocks\Api\Models\OTUS.HA.SN.Web.App.Auth.Model.Input\OTUS.HA.SN.Web.App.Auth.Model.Input.csproj", "{F9F17F60-D11B-4F3F-9D55-C538B12856D7}"
EndProject
Project("{9A19103F-16F7-4668-BE54-9A1E7A4F7556}") = "OTUS.HA.SN.Web.App.Auth.Model.Input.Validation", "src\BuildingBlocks\Api\Models\OTUS.HA.SN.Web.App.Auth.Model.Input.Validation\OTUS.HA.SN.Web.App.Auth.Model.Input.Validation.csproj", "{465E9434-E435-4AC9-A1BC-94662F8D077D}"
EndProject
Project("{9A19103F-16F7-4668-BE54-9A1E7A4F7556}") = "OTUS.HA.SN.Web.App.Auth.Model.Output", "src\BuildingBlocks\Api\Models\OTUS.HA.SN.Web.App.Auth.Model.Output\OTUS.HA.SN.Web.App.Auth.Model.Output.csproj", "{01E9E16A-C975-4028-A237-CBE92E27C85D}"
EndProject
Project("{9A19103F-16F7-4668-BE54-9A1E7A4F7556}") = "OTUS.HA.SN.BusinessLogic.Auth", "src\BuildingBlocks\BusinessLogic\OTUS.HA.SN.BusinessLogic.Auth\OTUS.HA.SN.BusinessLogic.Auth.csproj", "{BA7CFE70-D0AC-4161-9832-BA741A0B135D}"
EndProject
Project("{9A19103F-16F7-4668-BE54-9A1E7A4F7556}") = "OTUS.HA.SN.Web.App.Auth", "src\Apps\OTUS.HA.SN.Web.App.Auth\OTUS.HA.SN.Web.App.Auth.csproj", "{008204CB-A3FD-4515-9FB6-B1D4EFAD46FF}"
EndProject
Project("{2150E333-8FDC-42A3-9474-1A3956D46DE8}") = "Clients", "Clients", "{61D0389F-28DA-4DC9-8D26-00FB485D9278}"
EndProject
Project("{9A19103F-16F7-4668-BE54-9A1E7A4F7556}") = "Web.App.Auth.Client", "src\BuildingBlocks\Api\Clients\Web.App.Auth.Client\Web.App.Auth.Client.csproj", "{D44CC362-AA50-4AAC-BA98-0FD467CED0FD}"
EndProject
Project("{2150E333-8FDC-42A3-9474-1A3956D46DE8}") = "haproxy", "haproxy", "{50E3060A-13EF-4E24-972A-4B8D1AC19D84}"
	ProjectSection(SolutionItems) = preProject
		deploy\haproxy\Dockerfile = deploy\haproxy\Dockerfile
		deploy\haproxy\haproxy.cfg = deploy\haproxy\haproxy.cfg
	EndProjectSection
EndProject
Project("{2150E333-8FDC-42A3-9474-1A3956D46DE8}") = "nginx", "nginx", "{86B2AC78-2D3E-4459-AC32-5DA16476311A}"
	ProjectSection(SolutionItems) = preProject
		deploy\nginx\default.conf = deploy\nginx\default.conf
	EndProjectSection
EndProject
Project("{9A19103F-16F7-4668-BE54-9A1E7A4F7556}") = "OTUS.HA.SN.Web.Api.Counters", "src\Api\OTUS.HA.SN.Web.Api.Counters\OTUS.HA.SN.Web.Api.Counters.csproj", "{39EEF430-9E47-4E1D-9CFF-4F6D954EA315}"
EndProject
Project("{FAE04EC0-301F-11D3-BF4B-00C04F79EFBC}") = "OTUS.HA.SN.BusinessLogic.Counters", "src\BuildingBlocks\BusinessLogic\OTUS.HA.SN.BusinessLogic.Counters\OTUS.HA.SN.BusinessLogic.Counters.csproj", "{AABA4C0F-268F-4E0D-84F3-221F07780F8F}"
EndProject
Global
	GlobalSection(SolutionConfigurationPlatforms) = preSolution
		Debug|Any CPU = Debug|Any CPU
		Release|Any CPU = Release|Any CPU
	EndGlobalSection
	GlobalSection(ProjectConfigurationPlatforms) = postSolution
		{BE05333F-4488-45E0-B0B7-409B4841EB80}.Debug|Any CPU.ActiveCfg = Debug|Any CPU
		{BE05333F-4488-45E0-B0B7-409B4841EB80}.Debug|Any CPU.Build.0 = Debug|Any CPU
		{BE05333F-4488-45E0-B0B7-409B4841EB80}.Release|Any CPU.ActiveCfg = Release|Any CPU
		{BE05333F-4488-45E0-B0B7-409B4841EB80}.Release|Any CPU.Build.0 = Release|Any CPU
		{96AE12EF-5B78-409E-9785-A4261E27608A}.Debug|Any CPU.ActiveCfg = Debug|Any CPU
		{96AE12EF-5B78-409E-9785-A4261E27608A}.Debug|Any CPU.Build.0 = Debug|Any CPU
		{96AE12EF-5B78-409E-9785-A4261E27608A}.Release|Any CPU.ActiveCfg = Release|Any CPU
		{96AE12EF-5B78-409E-9785-A4261E27608A}.Release|Any CPU.Build.0 = Release|Any CPU
		{F10C3EF6-1C8D-4D94-8B73-AE4B02E8B605}.Debug|Any CPU.ActiveCfg = Debug|Any CPU
		{F10C3EF6-1C8D-4D94-8B73-AE4B02E8B605}.Debug|Any CPU.Build.0 = Debug|Any CPU
		{F10C3EF6-1C8D-4D94-8B73-AE4B02E8B605}.Release|Any CPU.ActiveCfg = Release|Any CPU
		{F10C3EF6-1C8D-4D94-8B73-AE4B02E8B605}.Release|Any CPU.Build.0 = Release|Any CPU
		{925EF821-46C7-4AA7-8E8A-A6B2FF136D3A}.Debug|Any CPU.ActiveCfg = Debug|Any CPU
		{925EF821-46C7-4AA7-8E8A-A6B2FF136D3A}.Debug|Any CPU.Build.0 = Debug|Any CPU
		{925EF821-46C7-4AA7-8E8A-A6B2FF136D3A}.Release|Any CPU.ActiveCfg = Release|Any CPU
		{925EF821-46C7-4AA7-8E8A-A6B2FF136D3A}.Release|Any CPU.Build.0 = Release|Any CPU
		{961D56B0-BAC6-49F8-8422-2172CD689D28}.Debug|Any CPU.ActiveCfg = Debug|Any CPU
		{961D56B0-BAC6-49F8-8422-2172CD689D28}.Debug|Any CPU.Build.0 = Debug|Any CPU
		{961D56B0-BAC6-49F8-8422-2172CD689D28}.Release|Any CPU.ActiveCfg = Release|Any CPU
		{961D56B0-BAC6-49F8-8422-2172CD689D28}.Release|Any CPU.Build.0 = Release|Any CPU
		{C6F267A1-B53F-42D8-9A75-4E88EF0BD8C7}.Debug|Any CPU.ActiveCfg = Debug|Any CPU
		{C6F267A1-B53F-42D8-9A75-4E88EF0BD8C7}.Debug|Any CPU.Build.0 = Debug|Any CPU
		{C6F267A1-B53F-42D8-9A75-4E88EF0BD8C7}.Release|Any CPU.ActiveCfg = Release|Any CPU
		{C6F267A1-B53F-42D8-9A75-4E88EF0BD8C7}.Release|Any CPU.Build.0 = Release|Any CPU
		{2ADABD81-699D-47D7-8AB5-9160E3CF01D8}.Debug|Any CPU.ActiveCfg = Debug|Any CPU
		{2ADABD81-699D-47D7-8AB5-9160E3CF01D8}.Debug|Any CPU.Build.0 = Debug|Any CPU
		{2ADABD81-699D-47D7-8AB5-9160E3CF01D8}.Release|Any CPU.ActiveCfg = Release|Any CPU
		{2ADABD81-699D-47D7-8AB5-9160E3CF01D8}.Release|Any CPU.Build.0 = Release|Any CPU
		{E61ED84F-6741-4CEE-8EC4-14F9F895E92A}.Debug|Any CPU.ActiveCfg = Debug|Any CPU
		{E61ED84F-6741-4CEE-8EC4-14F9F895E92A}.Debug|Any CPU.Build.0 = Debug|Any CPU
		{E61ED84F-6741-4CEE-8EC4-14F9F895E92A}.Release|Any CPU.ActiveCfg = Release|Any CPU
		{E61ED84F-6741-4CEE-8EC4-14F9F895E92A}.Release|Any CPU.Build.0 = Release|Any CPU
		{748A0525-0102-46D8-BA2F-528DA1F0D5B7}.Debug|Any CPU.ActiveCfg = Debug|Any CPU
		{748A0525-0102-46D8-BA2F-528DA1F0D5B7}.Debug|Any CPU.Build.0 = Debug|Any CPU
		{748A0525-0102-46D8-BA2F-528DA1F0D5B7}.Release|Any CPU.ActiveCfg = Release|Any CPU
		{748A0525-0102-46D8-BA2F-528DA1F0D5B7}.Release|Any CPU.Build.0 = Release|Any CPU
		{37C4062B-D0DA-4F5D-A928-317A4C5E3D6C}.Debug|Any CPU.ActiveCfg = Debug|Any CPU
		{37C4062B-D0DA-4F5D-A928-317A4C5E3D6C}.Debug|Any CPU.Build.0 = Debug|Any CPU
		{37C4062B-D0DA-4F5D-A928-317A4C5E3D6C}.Release|Any CPU.ActiveCfg = Release|Any CPU
		{37C4062B-D0DA-4F5D-A928-317A4C5E3D6C}.Release|Any CPU.Build.0 = Release|Any CPU
		{19BE487F-F7C9-4F33-8113-019C440DE04B}.Debug|Any CPU.ActiveCfg = Debug|Any CPU
		{19BE487F-F7C9-4F33-8113-019C440DE04B}.Debug|Any CPU.Build.0 = Debug|Any CPU
		{19BE487F-F7C9-4F33-8113-019C440DE04B}.Release|Any CPU.ActiveCfg = Release|Any CPU
		{19BE487F-F7C9-4F33-8113-019C440DE04B}.Release|Any CPU.Build.0 = Release|Any CPU
		{99CC0C66-3848-44CE-91C8-39860AC86F9A}.Debug|Any CPU.ActiveCfg = Debug|Any CPU
		{99CC0C66-3848-44CE-91C8-39860AC86F9A}.Debug|Any CPU.Build.0 = Debug|Any CPU
		{99CC0C66-3848-44CE-91C8-39860AC86F9A}.Release|Any CPU.ActiveCfg = Release|Any CPU
		{99CC0C66-3848-44CE-91C8-39860AC86F9A}.Release|Any CPU.Build.0 = Release|Any CPU
		{E451C64C-4DF2-4DEF-BB7A-C98B0FFA734B}.Debug|Any CPU.ActiveCfg = Debug|Any CPU
		{E451C64C-4DF2-4DEF-BB7A-C98B0FFA734B}.Debug|Any CPU.Build.0 = Debug|Any CPU
		{E451C64C-4DF2-4DEF-BB7A-C98B0FFA734B}.Release|Any CPU.ActiveCfg = Release|Any CPU
		{E451C64C-4DF2-4DEF-BB7A-C98B0FFA734B}.Release|Any CPU.Build.0 = Release|Any CPU
		{812461DE-152F-4FC7-BD99-14049F1A136D}.Debug|Any CPU.ActiveCfg = Debug|Any CPU
		{812461DE-152F-4FC7-BD99-14049F1A136D}.Debug|Any CPU.Build.0 = Debug|Any CPU
		{812461DE-152F-4FC7-BD99-14049F1A136D}.Release|Any CPU.ActiveCfg = Release|Any CPU
		{812461DE-152F-4FC7-BD99-14049F1A136D}.Release|Any CPU.Build.0 = Release|Any CPU
		{2F170A20-5F29-4D26-9C39-F64C01D5A061}.Debug|Any CPU.ActiveCfg = Debug|Any CPU
		{2F170A20-5F29-4D26-9C39-F64C01D5A061}.Debug|Any CPU.Build.0 = Debug|Any CPU
		{2F170A20-5F29-4D26-9C39-F64C01D5A061}.Release|Any CPU.ActiveCfg = Release|Any CPU
		{2F170A20-5F29-4D26-9C39-F64C01D5A061}.Release|Any CPU.Build.0 = Release|Any CPU
		{F6F5195A-A152-41B3-BC78-10C10771A130}.Debug|Any CPU.ActiveCfg = Debug|Any CPU
		{F6F5195A-A152-41B3-BC78-10C10771A130}.Debug|Any CPU.Build.0 = Debug|Any CPU
		{F6F5195A-A152-41B3-BC78-10C10771A130}.Release|Any CPU.ActiveCfg = Release|Any CPU
		{F6F5195A-A152-41B3-BC78-10C10771A130}.Release|Any CPU.Build.0 = Release|Any CPU
		{6E12B798-17B2-480A-BEC2-AA2A5D9DD63E}.Debug|Any CPU.ActiveCfg = Debug|Any CPU
		{6E12B798-17B2-480A-BEC2-AA2A5D9DD63E}.Debug|Any CPU.Build.0 = Debug|Any CPU
		{6E12B798-17B2-480A-BEC2-AA2A5D9DD63E}.Release|Any CPU.ActiveCfg = Release|Any CPU
		{6E12B798-17B2-480A-BEC2-AA2A5D9DD63E}.Release|Any CPU.Build.0 = Release|Any CPU
		{177D4259-C1D0-422E-B4CF-C709D451F122}.Debug|Any CPU.ActiveCfg = Debug|Any CPU
		{177D4259-C1D0-422E-B4CF-C709D451F122}.Debug|Any CPU.Build.0 = Debug|Any CPU
		{177D4259-C1D0-422E-B4CF-C709D451F122}.Release|Any CPU.ActiveCfg = Release|Any CPU
		{177D4259-C1D0-422E-B4CF-C709D451F122}.Release|Any CPU.Build.0 = Release|Any CPU
		{19BEA96C-F7A6-4ACA-A57E-577DE6AAA59F}.Debug|Any CPU.ActiveCfg = Debug|Any CPU
		{19BEA96C-F7A6-4ACA-A57E-577DE6AAA59F}.Debug|Any CPU.Build.0 = Debug|Any CPU
		{19BEA96C-F7A6-4ACA-A57E-577DE6AAA59F}.Release|Any CPU.ActiveCfg = Release|Any CPU
		{19BEA96C-F7A6-4ACA-A57E-577DE6AAA59F}.Release|Any CPU.Build.0 = Release|Any CPU
		{48D30F0C-3EEE-4DCB-AFEB-1155BD1DC1A5}.Debug|Any CPU.ActiveCfg = Debug|Any CPU
		{48D30F0C-3EEE-4DCB-AFEB-1155BD1DC1A5}.Debug|Any CPU.Build.0 = Debug|Any CPU
		{48D30F0C-3EEE-4DCB-AFEB-1155BD1DC1A5}.Release|Any CPU.ActiveCfg = Release|Any CPU
		{48D30F0C-3EEE-4DCB-AFEB-1155BD1DC1A5}.Release|Any CPU.Build.0 = Release|Any CPU
		{098B62EC-FBAB-463A-9BA2-4AF41B8256C7}.Debug|Any CPU.ActiveCfg = Debug|Any CPU
		{098B62EC-FBAB-463A-9BA2-4AF41B8256C7}.Debug|Any CPU.Build.0 = Debug|Any CPU
		{098B62EC-FBAB-463A-9BA2-4AF41B8256C7}.Release|Any CPU.ActiveCfg = Release|Any CPU
		{098B62EC-FBAB-463A-9BA2-4AF41B8256C7}.Release|Any CPU.Build.0 = Release|Any CPU
		{E60AF72A-925A-4D61-BF5C-089459CF43C4}.Debug|Any CPU.ActiveCfg = Debug|Any CPU
		{E60AF72A-925A-4D61-BF5C-089459CF43C4}.Debug|Any CPU.Build.0 = Debug|Any CPU
		{E60AF72A-925A-4D61-BF5C-089459CF43C4}.Release|Any CPU.ActiveCfg = Release|Any CPU
		{E60AF72A-925A-4D61-BF5C-089459CF43C4}.Release|Any CPU.Build.0 = Release|Any CPU
		{7E410E59-D493-4B5B-9ECD-4AEE7EB141A4}.Debug|Any CPU.ActiveCfg = Debug|Any CPU
		{7E410E59-D493-4B5B-9ECD-4AEE7EB141A4}.Debug|Any CPU.Build.0 = Debug|Any CPU
		{7E410E59-D493-4B5B-9ECD-4AEE7EB141A4}.Release|Any CPU.ActiveCfg = Release|Any CPU
		{7E410E59-D493-4B5B-9ECD-4AEE7EB141A4}.Release|Any CPU.Build.0 = Release|Any CPU
		{A2A8CBBC-3E6C-4DF8-A010-D1F19BD9AA8C}.Debug|Any CPU.ActiveCfg = Debug|Any CPU
		{A2A8CBBC-3E6C-4DF8-A010-D1F19BD9AA8C}.Debug|Any CPU.Build.0 = Debug|Any CPU
		{A2A8CBBC-3E6C-4DF8-A010-D1F19BD9AA8C}.Release|Any CPU.ActiveCfg = Release|Any CPU
		{A2A8CBBC-3E6C-4DF8-A010-D1F19BD9AA8C}.Release|Any CPU.Build.0 = Release|Any CPU
		{D7EC3314-AA40-4FD0-A0A4-8A3B935DF34B}.Debug|Any CPU.ActiveCfg = Debug|Any CPU
		{D7EC3314-AA40-4FD0-A0A4-8A3B935DF34B}.Debug|Any CPU.Build.0 = Debug|Any CPU
		{D7EC3314-AA40-4FD0-A0A4-8A3B935DF34B}.Release|Any CPU.ActiveCfg = Release|Any CPU
		{D7EC3314-AA40-4FD0-A0A4-8A3B935DF34B}.Release|Any CPU.Build.0 = Release|Any CPU
		{FD13559E-CCBB-4D3A-9912-911F8DB27215}.Debug|Any CPU.ActiveCfg = Debug|Any CPU
		{FD13559E-CCBB-4D3A-9912-911F8DB27215}.Debug|Any CPU.Build.0 = Debug|Any CPU
		{FD13559E-CCBB-4D3A-9912-911F8DB27215}.Release|Any CPU.ActiveCfg = Release|Any CPU
		{FD13559E-CCBB-4D3A-9912-911F8DB27215}.Release|Any CPU.Build.0 = Release|Any CPU
		{C2E06620-AB0A-47AC-A3E0-380CBEF9C288}.Debug|Any CPU.ActiveCfg = Debug|Any CPU
		{C2E06620-AB0A-47AC-A3E0-380CBEF9C288}.Debug|Any CPU.Build.0 = Debug|Any CPU
		{C2E06620-AB0A-47AC-A3E0-380CBEF9C288}.Release|Any CPU.ActiveCfg = Release|Any CPU
		{C2E06620-AB0A-47AC-A3E0-380CBEF9C288}.Release|Any CPU.Build.0 = Release|Any CPU
		{8851F41B-4DCE-4D03-ADBA-2681FFDBABD7}.Debug|Any CPU.ActiveCfg = Debug|Any CPU
		{8851F41B-4DCE-4D03-ADBA-2681FFDBABD7}.Debug|Any CPU.Build.0 = Debug|Any CPU
		{8851F41B-4DCE-4D03-ADBA-2681FFDBABD7}.Release|Any CPU.ActiveCfg = Release|Any CPU
		{8851F41B-4DCE-4D03-ADBA-2681FFDBABD7}.Release|Any CPU.Build.0 = Release|Any CPU
		{B11372CF-BB42-48A9-ADBE-E60305E37033}.Debug|Any CPU.ActiveCfg = Debug|Any CPU
		{B11372CF-BB42-48A9-ADBE-E60305E37033}.Debug|Any CPU.Build.0 = Debug|Any CPU
		{B11372CF-BB42-48A9-ADBE-E60305E37033}.Release|Any CPU.ActiveCfg = Release|Any CPU
		{B11372CF-BB42-48A9-ADBE-E60305E37033}.Release|Any CPU.Build.0 = Release|Any CPU
		{BD773151-4EC5-43AF-94EE-143D48970C1E}.Debug|Any CPU.ActiveCfg = Debug|Any CPU
		{BD773151-4EC5-43AF-94EE-143D48970C1E}.Debug|Any CPU.Build.0 = Debug|Any CPU
		{BD773151-4EC5-43AF-94EE-143D48970C1E}.Release|Any CPU.ActiveCfg = Release|Any CPU
		{BD773151-4EC5-43AF-94EE-143D48970C1E}.Release|Any CPU.Build.0 = Release|Any CPU
		{4F252C95-0167-4923-AE72-38AE603B9252}.Debug|Any CPU.ActiveCfg = Debug|Any CPU
		{4F252C95-0167-4923-AE72-38AE603B9252}.Debug|Any CPU.Build.0 = Debug|Any CPU
		{4F252C95-0167-4923-AE72-38AE603B9252}.Release|Any CPU.ActiveCfg = Release|Any CPU
		{4F252C95-0167-4923-AE72-38AE603B9252}.Release|Any CPU.Build.0 = Release|Any CPU
		{8CEA34C1-E120-404B-8A3B-9957C381D1E0}.Debug|Any CPU.ActiveCfg = Debug|Any CPU
		{8CEA34C1-E120-404B-8A3B-9957C381D1E0}.Debug|Any CPU.Build.0 = Debug|Any CPU
		{8CEA34C1-E120-404B-8A3B-9957C381D1E0}.Release|Any CPU.ActiveCfg = Release|Any CPU
		{8CEA34C1-E120-404B-8A3B-9957C381D1E0}.Release|Any CPU.Build.0 = Release|Any CPU
		{F9F17F60-D11B-4F3F-9D55-C538B12856D7}.Debug|Any CPU.ActiveCfg = Debug|Any CPU
		{F9F17F60-D11B-4F3F-9D55-C538B12856D7}.Debug|Any CPU.Build.0 = Debug|Any CPU
		{F9F17F60-D11B-4F3F-9D55-C538B12856D7}.Release|Any CPU.ActiveCfg = Release|Any CPU
		{F9F17F60-D11B-4F3F-9D55-C538B12856D7}.Release|Any CPU.Build.0 = Release|Any CPU
		{465E9434-E435-4AC9-A1BC-94662F8D077D}.Debug|Any CPU.ActiveCfg = Debug|Any CPU
		{465E9434-E435-4AC9-A1BC-94662F8D077D}.Debug|Any CPU.Build.0 = Debug|Any CPU
		{465E9434-E435-4AC9-A1BC-94662F8D077D}.Release|Any CPU.ActiveCfg = Release|Any CPU
		{465E9434-E435-4AC9-A1BC-94662F8D077D}.Release|Any CPU.Build.0 = Release|Any CPU
		{01E9E16A-C975-4028-A237-CBE92E27C85D}.Debug|Any CPU.ActiveCfg = Debug|Any CPU
		{01E9E16A-C975-4028-A237-CBE92E27C85D}.Debug|Any CPU.Build.0 = Debug|Any CPU
		{01E9E16A-C975-4028-A237-CBE92E27C85D}.Release|Any CPU.ActiveCfg = Release|Any CPU
		{01E9E16A-C975-4028-A237-CBE92E27C85D}.Release|Any CPU.Build.0 = Release|Any CPU
		{BA7CFE70-D0AC-4161-9832-BA741A0B135D}.Debug|Any CPU.ActiveCfg = Debug|Any CPU
		{BA7CFE70-D0AC-4161-9832-BA741A0B135D}.Debug|Any CPU.Build.0 = Debug|Any CPU
		{BA7CFE70-D0AC-4161-9832-BA741A0B135D}.Release|Any CPU.ActiveCfg = Release|Any CPU
		{BA7CFE70-D0AC-4161-9832-BA741A0B135D}.Release|Any CPU.Build.0 = Release|Any CPU
		{008204CB-A3FD-4515-9FB6-B1D4EFAD46FF}.Debug|Any CPU.ActiveCfg = Debug|Any CPU
		{008204CB-A3FD-4515-9FB6-B1D4EFAD46FF}.Debug|Any CPU.Build.0 = Debug|Any CPU
		{008204CB-A3FD-4515-9FB6-B1D4EFAD46FF}.Release|Any CPU.ActiveCfg = Release|Any CPU
		{008204CB-A3FD-4515-9FB6-B1D4EFAD46FF}.Release|Any CPU.Build.0 = Release|Any CPU
		{D44CC362-AA50-4AAC-BA98-0FD467CED0FD}.Debug|Any CPU.ActiveCfg = Debug|Any CPU
		{D44CC362-AA50-4AAC-BA98-0FD467CED0FD}.Debug|Any CPU.Build.0 = Debug|Any CPU
		{D44CC362-AA50-4AAC-BA98-0FD467CED0FD}.Release|Any CPU.ActiveCfg = Release|Any CPU
		{D44CC362-AA50-4AAC-BA98-0FD467CED0FD}.Release|Any CPU.Build.0 = Release|Any CPU
		{39EEF430-9E47-4E1D-9CFF-4F6D954EA315}.Debug|Any CPU.ActiveCfg = Debug|Any CPU
		{39EEF430-9E47-4E1D-9CFF-4F6D954EA315}.Debug|Any CPU.Build.0 = Debug|Any CPU
		{39EEF430-9E47-4E1D-9CFF-4F6D954EA315}.Release|Any CPU.ActiveCfg = Release|Any CPU
		{39EEF430-9E47-4E1D-9CFF-4F6D954EA315}.Release|Any CPU.Build.0 = Release|Any CPU
		{AABA4C0F-268F-4E0D-84F3-221F07780F8F}.Debug|Any CPU.ActiveCfg = Debug|Any CPU
		{AABA4C0F-268F-4E0D-84F3-221F07780F8F}.Debug|Any CPU.Build.0 = Debug|Any CPU
		{AABA4C0F-268F-4E0D-84F3-221F07780F8F}.Release|Any CPU.ActiveCfg = Release|Any CPU
		{AABA4C0F-268F-4E0D-84F3-221F07780F8F}.Release|Any CPU.Build.0 = Release|Any CPU
	EndGlobalSection
	GlobalSection(SolutionProperties) = preSolution
		HideSolutionNode = FALSE
	EndGlobalSection
	GlobalSection(NestedProjects) = preSolution
		{BE05333F-4488-45E0-B0B7-409B4841EB80} = {9FFDDAFC-EB3C-4E1D-9CF3-97CBC73FF6A0}
		{9FFDDAFC-EB3C-4E1D-9CF3-97CBC73FF6A0} = {9AE7E1EC-31C2-4207-9063-7CE84F9B0CF6}
		{B716F4B4-681B-4C2E-B8DE-9C88811DE55E} = {9AE7E1EC-31C2-4207-9063-7CE84F9B0CF6}
		{A97676D5-09E5-4ABC-8BE3-6514B10C19BF} = {B716F4B4-681B-4C2E-B8DE-9C88811DE55E}
		{23368244-BF44-4882-B265-D6AC6879B2E2} = {B716F4B4-681B-4C2E-B8DE-9C88811DE55E}
		{7EA04E24-6F7E-4F49-8896-356F6E00C58A} = {B716F4B4-681B-4C2E-B8DE-9C88811DE55E}
		{227F191E-57DF-45EB-AB1A-25FC9598C57C} = {7EA04E24-6F7E-4F49-8896-356F6E00C58A}
		{96AE12EF-5B78-409E-9785-A4261E27608A} = {227F191E-57DF-45EB-AB1A-25FC9598C57C}
		{09AF9CCE-AE03-44CE-BC28-BE64814DAED6} = {B716F4B4-681B-4C2E-B8DE-9C88811DE55E}
		{F10C3EF6-1C8D-4D94-8B73-AE4B02E8B605} = {09AF9CCE-AE03-44CE-BC28-BE64814DAED6}
		{925EF821-46C7-4AA7-8E8A-A6B2FF136D3A} = {09AF9CCE-AE03-44CE-BC28-BE64814DAED6}
		{961D56B0-BAC6-49F8-8422-2172CD689D28} = {227F191E-57DF-45EB-AB1A-25FC9598C57C}
		{9D82A31E-441E-4E55-A4F9-DB7516D4E3AC} = {B716F4B4-681B-4C2E-B8DE-9C88811DE55E}
		{C6F267A1-B53F-42D8-9A75-4E88EF0BD8C7} = {9D82A31E-441E-4E55-A4F9-DB7516D4E3AC}
		{2ADABD81-699D-47D7-8AB5-9160E3CF01D8} = {9D82A31E-441E-4E55-A4F9-DB7516D4E3AC}
		{DA5D6E47-D967-4732-9ECA-FD6B65E7D1E8} = {7EA04E24-6F7E-4F49-8896-356F6E00C58A}
		{E61ED84F-6741-4CEE-8EC4-14F9F895E92A} = {DA5D6E47-D967-4732-9ECA-FD6B65E7D1E8}
		{748A0525-0102-46D8-BA2F-528DA1F0D5B7} = {DA5D6E47-D967-4732-9ECA-FD6B65E7D1E8}
		{37C4062B-D0DA-4F5D-A928-317A4C5E3D6C} = {227F191E-57DF-45EB-AB1A-25FC9598C57C}
		{D71870EF-8A41-46EB-B6E4-FA8163D0A538} = {B716F4B4-681B-4C2E-B8DE-9C88811DE55E}
		{5308D3B7-FF3C-41FB-A8AB-E25D3F161AF8} = {D71870EF-8A41-46EB-B6E4-FA8163D0A538}
		{C0A0C5B1-BEBE-4C9D-8237-B1C2CFE51BF8} = {A97676D5-09E5-4ABC-8BE3-6514B10C19BF}
		{99CC0C66-3848-44CE-91C8-39860AC86F9A} = {C0A0C5B1-BEBE-4C9D-8237-B1C2CFE51BF8}
		{F391905A-1342-45D0-931F-F967CB1A0A8A} = {A97676D5-09E5-4ABC-8BE3-6514B10C19BF}
		{E451C64C-4DF2-4DEF-BB7A-C98B0FFA734B} = {F391905A-1342-45D0-931F-F967CB1A0A8A}
		{05714CED-3435-4C5B-8569-950E5D3FDF57} = {9AE7E1EC-31C2-4207-9063-7CE84F9B0CF6}
		{DFF1F27B-88C1-4D57-81B8-D7C414BE0733} = {05714CED-3435-4C5B-8569-950E5D3FDF57}
		{812461DE-152F-4FC7-BD99-14049F1A136D} = {DFF1F27B-88C1-4D57-81B8-D7C414BE0733}
		{2F170A20-5F29-4D26-9C39-F64C01D5A061} = {09AF9CCE-AE03-44CE-BC28-BE64814DAED6}
		{F6F5195A-A152-41B3-BC78-10C10771A130} = {09AF9CCE-AE03-44CE-BC28-BE64814DAED6}
		{6E12B798-17B2-480A-BEC2-AA2A5D9DD63E} = {9D82A31E-441E-4E55-A4F9-DB7516D4E3AC}
		{177D4259-C1D0-422E-B4CF-C709D451F122} = {9D82A31E-441E-4E55-A4F9-DB7516D4E3AC}
		{E1D3AACC-8286-434C-B404-C4E544B9535D} = {A97676D5-09E5-4ABC-8BE3-6514B10C19BF}
		{19BEA96C-F7A6-4ACA-A57E-577DE6AAA59F} = {E1D3AACC-8286-434C-B404-C4E544B9535D}
		{755FCC88-E34F-47CA-8BC6-018004D774F3} = {B716F4B4-681B-4C2E-B8DE-9C88811DE55E}
		{48D30F0C-3EEE-4DCB-AFEB-1155BD1DC1A5} = {755FCC88-E34F-47CA-8BC6-018004D774F3}
		{098B62EC-FBAB-463A-9BA2-4AF41B8256C7} = {09AF9CCE-AE03-44CE-BC28-BE64814DAED6}
		{D3A9586D-6DE3-462D-AF6E-C40C2492CB45} = {E04100F5-10EA-47F2-8A04-6A7B6B5A804D}
		{A8136513-DC7B-4AD0-80AB-EFD7A6935C7E} = {D3A9586D-6DE3-462D-AF6E-C40C2492CB45}
		{491267C3-C13C-48D8-A105-DC42AE2437D5} = {D3A9586D-6DE3-462D-AF6E-C40C2492CB45}
		{E776142D-00F5-41A6-94AE-1107B418C3CF} = {D3A9586D-6DE3-462D-AF6E-C40C2492CB45}
		{98F91EA4-1DB8-4E40-9C87-14CD8561EB5D} = {E776142D-00F5-41A6-94AE-1107B418C3CF}
		{E60AF72A-925A-4D61-BF5C-089459CF43C4} = {9D82A31E-441E-4E55-A4F9-DB7516D4E3AC}
		{7E410E59-D493-4B5B-9ECD-4AEE7EB141A4} = {9D82A31E-441E-4E55-A4F9-DB7516D4E3AC}
		{A2A8CBBC-3E6C-4DF8-A010-D1F19BD9AA8C} = {09AF9CCE-AE03-44CE-BC28-BE64814DAED6}
		{D7EC3314-AA40-4FD0-A0A4-8A3B935DF34B} = {9FFDDAFC-EB3C-4E1D-9CF3-97CBC73FF6A0}
		{FD13559E-CCBB-4D3A-9912-911F8DB27215} = {9FFDDAFC-EB3C-4E1D-9CF3-97CBC73FF6A0}
		{C2E06620-AB0A-47AC-A3E0-380CBEF9C288} = {227F191E-57DF-45EB-AB1A-25FC9598C57C}
		{8851F41B-4DCE-4D03-ADBA-2681FFDBABD7} = {227F191E-57DF-45EB-AB1A-25FC9598C57C}
		{B11372CF-BB42-48A9-ADBE-E60305E37033} = {227F191E-57DF-45EB-AB1A-25FC9598C57C}
		{36112461-CBEA-410F-8787-917B26038312} = {E04100F5-10EA-47F2-8A04-6A7B6B5A804D}
		{6922985D-C49F-430E-9F26-35E74D8779B7} = {36112461-CBEA-410F-8787-917B26038312}
		{BD773151-4EC5-43AF-94EE-143D48970C1E} = {9D82A31E-441E-4E55-A4F9-DB7516D4E3AC}
		{4F252C95-0167-4923-AE72-38AE603B9252} = {9D82A31E-441E-4E55-A4F9-DB7516D4E3AC}
		{8CEA34C1-E120-404B-8A3B-9957C381D1E0} = {9D82A31E-441E-4E55-A4F9-DB7516D4E3AC}
		{F9F17F60-D11B-4F3F-9D55-C538B12856D7} = {227F191E-57DF-45EB-AB1A-25FC9598C57C}
		{465E9434-E435-4AC9-A1BC-94662F8D077D} = {227F191E-57DF-45EB-AB1A-25FC9598C57C}
		{01E9E16A-C975-4028-A237-CBE92E27C85D} = {227F191E-57DF-45EB-AB1A-25FC9598C57C}
		{BA7CFE70-D0AC-4161-9832-BA741A0B135D} = {09AF9CCE-AE03-44CE-BC28-BE64814DAED6}
		{008204CB-A3FD-4515-9FB6-B1D4EFAD46FF} = {05714CED-3435-4C5B-8569-950E5D3FDF57}
		{61D0389F-28DA-4DC9-8D26-00FB485D9278} = {7EA04E24-6F7E-4F49-8896-356F6E00C58A}
		{D44CC362-AA50-4AAC-BA98-0FD467CED0FD} = {61D0389F-28DA-4DC9-8D26-00FB485D9278}
		{50E3060A-13EF-4E24-972A-4B8D1AC19D84} = {E04100F5-10EA-47F2-8A04-6A7B6B5A804D}
		{86B2AC78-2D3E-4459-AC32-5DA16476311A} = {E04100F5-10EA-47F2-8A04-6A7B6B5A804D}
		{39EEF430-9E47-4E1D-9CFF-4F6D954EA315} = {9FFDDAFC-EB3C-4E1D-9CF3-97CBC73FF6A0}
		{AABA4C0F-268F-4E0D-84F3-221F07780F8F} = {09AF9CCE-AE03-44CE-BC28-BE64814DAED6}
	EndGlobalSection
	GlobalSection(ExtensibilityGlobals) = postSolution
		SolutionGuid = {60CA8CD7-A4B2-4BC2-A785-31E8A26B575A}
	EndGlobalSection
EndGlobal
