
Microsoft Visual Studio Solution File, Format Version 12.00
# Visual Studio Version 17
VisualStudioVersion = 17.7.34024.191
MinimumVisualStudioVersion = 10.0.40219.1
Project("{9A19103F-16F7-4668-BE54-9A1E7A4F7556}") = "OTUS.HA.SN.Web.Api", "src\Api\OTUS.HA.SN.Web.Api\OTUS.HA.SN.Web.Api.csproj", "{BE05333F-4488-45E0-B0B7-409B4841EB80}"
EndProject
Project("{2150E333-8FDC-42A3-9474-1A3956D46DE8}") = "src", "src", "{9AE7E1EC-31C2-4207-9063-7CE84F9B0CF6}"
EndProject
Project("{2150E333-8FDC-42A3-9474-1A3956D46DE8}") = "Api", "Api", "{9FFDDAFC-EB3C-4E1D-9CF3-97CBC73FF6A0}"
EndProject
Project("{2150E333-8FDC-42A3-9474-1A3956D46DE8}") = "BuildingBlocks", "BuildingBlocks", "{B716F4B4-681B-4C2E-B8DE-9C88811DE55E}"
EndProject
Project("{2150E333-8FDC-42A3-9474-1A3956D46DE8}") = "Extensions", "Extensions", "{A97676D5-09E5-4ABC-8BE3-6514B10C19BF}"
EndProject
Project("{2150E333-8FDC-42A3-9474-1A3956D46DE8}") = "Models", "Models", "{23368244-BF44-4882-B265-D6AC6879B2E2}"
EndProject
Project("{2150E333-8FDC-42A3-9474-1A3956D46DE8}") = "Api", "Api", "{7EA04E24-6F7E-4F49-8896-356F6E00C58A}"
EndProject
Project("{2150E333-8FDC-42A3-9474-1A3956D46DE8}") = "Models", "Models", "{227F191E-57DF-45EB-AB1A-25FC9598C57C}"
EndProject
Project("{9A19103F-16F7-4668-BE54-9A1E7A4F7556}") = "OTUS.HA.SN.Web.Api.Model.Input", "src\BuildingBlocks\Api\Models\OTUS.HA.SN.Web.Api.Model.Input\OTUS.HA.SN.Web.Api.Model.Input.csproj", "{96AE12EF-5B78-409E-9785-A4261E27608A}"
EndProject
Project("{2150E333-8FDC-42A3-9474-1A3956D46DE8}") = "BusinessLogic", "BusinessLogic", "{09AF9CCE-AE03-44CE-BC28-BE64814DAED6}"
EndProject
Project("{9A19103F-16F7-4668-BE54-9A1E7A4F7556}") = "OTUS.HA.SN.BusinessLogic.Users", "src\BuildingBlocks\BusinessLogic\OTUS.HA.SN.BusinessLogic.Users\OTUS.HA.SN.BusinessLogic.Users.csproj", "{F10C3EF6-1C8D-4D94-8B73-AE4B02E8B605}"
EndProject
Project("{9A19103F-16F7-4668-BE54-9A1E7A4F7556}") = "OTUS.HA.SN.BusinessLogic.Abstractions", "src\BuildingBlocks\BusinessLogic\OTUS.HA.SN.BusinessLogic.Abstractions\OTUS.HA.SN.BusinessLogic.Abstractions.csproj", "{925EF821-46C7-4AA7-8E8A-A6B2FF136D3A}"
EndProject
Project("{9A19103F-16F7-4668-BE54-9A1E7A4F7556}") = "OTUS.HA.SN.Web.Api.Model.Output", "src\BuildingBlocks\Api\Models\OTUS.HA.SN.Web.Api.Model.Output\OTUS.HA.SN.Web.Api.Model.Output.csproj", "{961D56B0-BAC6-49F8-8422-2172CD689D28}"
EndProject
Project("{2150E333-8FDC-42A3-9474-1A3956D46DE8}") = "DataAccess", "DataAccess", "{9D82A31E-441E-4E55-A4F9-DB7516D4E3AC}"
EndProject
Project("{9A19103F-16F7-4668-BE54-9A1E7A4F7556}") = "OTUS.HS.SN.Data.Master.Context", "src\BuildingBlocks\DataAccess\OTUS.HS.SN.Data.Master.Context\OTUS.HS.SN.Data.Master.Context.csproj", "{C6F267A1-B53F-42D8-9A75-4E88EF0BD8C7}"
EndProject
Project("{9A19103F-16F7-4668-BE54-9A1E7A4F7556}") = "OTUS.HS.SN.Data.Master.Model", "src\BuildingBlocks\DataAccess\OTUS.HS.SN.Data.Master.Model\OTUS.HS.SN.Data.Master.Model.csproj", "{2ADABD81-699D-47D7-8AB5-9160E3CF01D8}"
EndProject
Project("{2150E333-8FDC-42A3-9474-1A3956D46DE8}") = "Authentication", "Authentication", "{DA5D6E47-D967-4732-9ECA-FD6B65E7D1E8}"
EndProject
Project("{9A19103F-16F7-4668-BE54-9A1E7A4F7556}") = "OTUS.HA.SN.Auth.Jwt.Abstractions", "src\BuildingBlocks\Api\Authentication\OTUS.HA.SN.Auth.Jwt.Abstractions\OTUS.HA.SN.Auth.Jwt.Abstractions.csproj", "{E61ED84F-6741-4CEE-8EC4-14F9F895E92A}"
EndProject
Project("{9A19103F-16F7-4668-BE54-9A1E7A4F7556}") = "OTUS.HA.SN.Auth.Jwt", "src\BuildingBlocks\Api\Authentication\OTUS.HA.SN.Auth.Jwt\OTUS.HA.SN.Auth.Jwt.csproj", "{748A0525-0102-46D8-BA2F-528DA1F0D5B7}"
EndProject
Project("{9A19103F-16F7-4668-BE54-9A1E7A4F7556}") = "OTUS.HA.SN.Web.Api.Model.Input.Validation", "src\BuildingBlocks\Api\Models\OTUS.HA.SN.Web.Api.Model.Input.Validation\OTUS.HA.SN.Web.Api.Model.Input.Validation.csproj", "{37C4062B-D0DA-4F5D-A928-317A4C5E3D6C}"
EndProject
Project("{2150E333-8FDC-42A3-9474-1A3956D46DE8}") = "DataBase", "DataBase", "{D71870EF-8A41-46EB-B6E4-FA8163D0A538}"
EndProject
Project("{2150E333-8FDC-42A3-9474-1A3956D46DE8}") = "Master", "Master", "{5308D3B7-FF3C-41FB-A8AB-E25D3F161AF8}"
EndProject
Project("{2150E333-8FDC-42A3-9474-1A3956D46DE8}") = "deploy", "deploy", "{E04100F5-10EA-47F2-8A04-6A7B6B5A804D}"
EndProject
Project("{2150E333-8FDC-42A3-9474-1A3956D46DE8}") = "docker", "docker", "{EFC80F85-8208-4DF0-A01E-1901332163CD}"
	ProjectSection(SolutionItems) = preProject
		init.sh = init.sh
	EndProjectSection
EndProject
Project("{E53339B2-1760-4266-BCC7-CA923CBCF16C}") = "docker-compose", "docker-compose.dcproj", "{19BE487F-F7C9-4F33-8113-019C440DE04B}"
EndProject
Project("{2150E333-8FDC-42A3-9474-1A3956D46DE8}") = "Cryptography", "Cryptography", "{C0A0C5B1-BEBE-4C9D-8237-B1C2CFE51BF8}"
EndProject
Project("{FAE04EC0-301F-11D3-BF4B-00C04F79EFBC}") = "System.Security.Cryptography.Extensions", "src\BuildingBlocks\Extensions\Cryptography\System.Security.Cryptography.Extensions\System.Security.Cryptography.Extensions.csproj", "{99CC0C66-3848-44CE-91C8-39860AC86F9A}"
EndProject
Project("{2150E333-8FDC-42A3-9474-1A3956D46DE8}") = "AspNetCore", "AspNetCore", "{F391905A-1342-45D0-931F-F967CB1A0A8A}"
EndProject
Project("{FAE04EC0-301F-11D3-BF4B-00C04F79EFBC}") = "Microsoft.AspNetCode.Mvc.Filters", "src\BuildingBlocks\Extensions\AspNetCore\Microsoft.AspNetCode.Mvc.Filters\Microsoft.AspNetCode.Mvc.Filters.csproj", "{E451C64C-4DF2-4DEF-BB7A-C98B0FFA734B}"
EndProject
Global
	GlobalSection(SolutionConfigurationPlatforms) = preSolution
		Debug|Any CPU = Debug|Any CPU
		Release|Any CPU = Release|Any CPU
	EndGlobalSection
	GlobalSection(ProjectConfigurationPlatforms) = postSolution
		{BE05333F-4488-45E0-B0B7-409B4841EB80}.Debug|Any CPU.ActiveCfg = Debug|Any CPU
		{BE05333F-4488-45E0-B0B7-409B4841EB80}.Debug|Any CPU.Build.0 = Debug|Any CPU
		{BE05333F-4488-45E0-B0B7-409B4841EB80}.Release|Any CPU.ActiveCfg = Release|Any CPU
		{BE05333F-4488-45E0-B0B7-409B4841EB80}.Release|Any CPU.Build.0 = Release|Any CPU
		{96AE12EF-5B78-409E-9785-A4261E27608A}.Debug|Any CPU.ActiveCfg = Debug|Any CPU
		{96AE12EF-5B78-409E-9785-A4261E27608A}.Debug|Any CPU.Build.0 = Debug|Any CPU
		{96AE12EF-5B78-409E-9785-A4261E27608A}.Release|Any CPU.ActiveCfg = Release|Any CPU
		{96AE12EF-5B78-409E-9785-A4261E27608A}.Release|Any CPU.Build.0 = Release|Any CPU
		{F10C3EF6-1C8D-4D94-8B73-AE4B02E8B605}.Debug|Any CPU.ActiveCfg = Debug|Any CPU
		{F10C3EF6-1C8D-4D94-8B73-AE4B02E8B605}.Debug|Any CPU.Build.0 = Debug|Any CPU
		{F10C3EF6-1C8D-4D94-8B73-AE4B02E8B605}.Release|Any CPU.ActiveCfg = Release|Any CPU
		{F10C3EF6-1C8D-4D94-8B73-AE4B02E8B605}.Release|Any CPU.Build.0 = Release|Any CPU
		{925EF821-46C7-4AA7-8E8A-A6B2FF136D3A}.Debug|Any CPU.ActiveCfg = Debug|Any CPU
		{925EF821-46C7-4AA7-8E8A-A6B2FF136D3A}.Debug|Any CPU.Build.0 = Debug|Any CPU
		{925EF821-46C7-4AA7-8E8A-A6B2FF136D3A}.Release|Any CPU.ActiveCfg = Release|Any CPU
		{925EF821-46C7-4AA7-8E8A-A6B2FF136D3A}.Release|Any CPU.Build.0 = Release|Any CPU
		{961D56B0-BAC6-49F8-8422-2172CD689D28}.Debug|Any CPU.ActiveCfg = Debug|Any CPU
		{961D56B0-BAC6-49F8-8422-2172CD689D28}.Debug|Any CPU.Build.0 = Debug|Any CPU
		{961D56B0-BAC6-49F8-8422-2172CD689D28}.Release|Any CPU.ActiveCfg = Release|Any CPU
		{961D56B0-BAC6-49F8-8422-2172CD689D28}.Release|Any CPU.Build.0 = Release|Any CPU
		{C6F267A1-B53F-42D8-9A75-4E88EF0BD8C7}.Debug|Any CPU.ActiveCfg = Debug|Any CPU
		{C6F267A1-B53F-42D8-9A75-4E88EF0BD8C7}.Debug|Any CPU.Build.0 = Debug|Any CPU
		{C6F267A1-B53F-42D8-9A75-4E88EF0BD8C7}.Release|Any CPU.ActiveCfg = Release|Any CPU
		{C6F267A1-B53F-42D8-9A75-4E88EF0BD8C7}.Release|Any CPU.Build.0 = Release|Any CPU
		{2ADABD81-699D-47D7-8AB5-9160E3CF01D8}.Debug|Any CPU.ActiveCfg = Debug|Any CPU
		{2ADABD81-699D-47D7-8AB5-9160E3CF01D8}.Debug|Any CPU.Build.0 = Debug|Any CPU
		{2ADABD81-699D-47D7-8AB5-9160E3CF01D8}.Release|Any CPU.ActiveCfg = Release|Any CPU
		{2ADABD81-699D-47D7-8AB5-9160E3CF01D8}.Release|Any CPU.Build.0 = Release|Any CPU
		{E61ED84F-6741-4CEE-8EC4-14F9F895E92A}.Debug|Any CPU.ActiveCfg = Debug|Any CPU
		{E61ED84F-6741-4CEE-8EC4-14F9F895E92A}.Debug|Any CPU.Build.0 = Debug|Any CPU
		{E61ED84F-6741-4CEE-8EC4-14F9F895E92A}.Release|Any CPU.ActiveCfg = Release|Any CPU
		{E61ED84F-6741-4CEE-8EC4-14F9F895E92A}.Release|Any CPU.Build.0 = Release|Any CPU
		{748A0525-0102-46D8-BA2F-528DA1F0D5B7}.Debug|Any CPU.ActiveCfg = Debug|Any CPU
		{748A0525-0102-46D8-BA2F-528DA1F0D5B7}.Debug|Any CPU.Build.0 = Debug|Any CPU
		{748A0525-0102-46D8-BA2F-528DA1F0D5B7}.Release|Any CPU.ActiveCfg = Release|Any CPU
		{748A0525-0102-46D8-BA2F-528DA1F0D5B7}.Release|Any CPU.Build.0 = Release|Any CPU
		{37C4062B-D0DA-4F5D-A928-317A4C5E3D6C}.Debug|Any CPU.ActiveCfg = Debug|Any CPU
		{37C4062B-D0DA-4F5D-A928-317A4C5E3D6C}.Debug|Any CPU.Build.0 = Debug|Any CPU
		{37C4062B-D0DA-4F5D-A928-317A4C5E3D6C}.Release|Any CPU.ActiveCfg = Release|Any CPU
		{37C4062B-D0DA-4F5D-A928-317A4C5E3D6C}.Release|Any CPU.Build.0 = Release|Any CPU
		{19BE487F-F7C9-4F33-8113-019C440DE04B}.Debug|Any CPU.ActiveCfg = Debug|Any CPU
		{19BE487F-F7C9-4F33-8113-019C440DE04B}.Debug|Any CPU.Build.0 = Debug|Any CPU
		{19BE487F-F7C9-4F33-8113-019C440DE04B}.Release|Any CPU.ActiveCfg = Release|Any CPU
		{19BE487F-F7C9-4F33-8113-019C440DE04B}.Release|Any CPU.Build.0 = Release|Any CPU
		{99CC0C66-3848-44CE-91C8-39860AC86F9A}.Debug|Any CPU.ActiveCfg = Debug|Any CPU
		{99CC0C66-3848-44CE-91C8-39860AC86F9A}.Debug|Any CPU.Build.0 = Debug|Any CPU
		{99CC0C66-3848-44CE-91C8-39860AC86F9A}.Release|Any CPU.ActiveCfg = Release|Any CPU
		{99CC0C66-3848-44CE-91C8-39860AC86F9A}.Release|Any CPU.Build.0 = Release|Any CPU
		{E451C64C-4DF2-4DEF-BB7A-C98B0FFA734B}.Debug|Any CPU.ActiveCfg = Debug|Any CPU
		{E451C64C-4DF2-4DEF-BB7A-C98B0FFA734B}.Debug|Any CPU.Build.0 = Debug|Any CPU
		{E451C64C-4DF2-4DEF-BB7A-C98B0FFA734B}.Release|Any CPU.ActiveCfg = Release|Any CPU
		{E451C64C-4DF2-4DEF-BB7A-C98B0FFA734B}.Release|Any CPU.Build.0 = Release|Any CPU
	EndGlobalSection
	GlobalSection(SolutionProperties) = preSolution
		HideSolutionNode = FALSE
	EndGlobalSection
	GlobalSection(NestedProjects) = preSolution
		{BE05333F-4488-45E0-B0B7-409B4841EB80} = {9FFDDAFC-EB3C-4E1D-9CF3-97CBC73FF6A0}
		{9FFDDAFC-EB3C-4E1D-9CF3-97CBC73FF6A0} = {9AE7E1EC-31C2-4207-9063-7CE84F9B0CF6}
		{B716F4B4-681B-4C2E-B8DE-9C88811DE55E} = {9AE7E1EC-31C2-4207-9063-7CE84F9B0CF6}
		{A97676D5-09E5-4ABC-8BE3-6514B10C19BF} = {B716F4B4-681B-4C2E-B8DE-9C88811DE55E}
		{23368244-BF44-4882-B265-D6AC6879B2E2} = {B716F4B4-681B-4C2E-B8DE-9C88811DE55E}
		{7EA04E24-6F7E-4F49-8896-356F6E00C58A} = {B716F4B4-681B-4C2E-B8DE-9C88811DE55E}
		{227F191E-57DF-45EB-AB1A-25FC9598C57C} = {7EA04E24-6F7E-4F49-8896-356F6E00C58A}
		{96AE12EF-5B78-409E-9785-A4261E27608A} = {227F191E-57DF-45EB-AB1A-25FC9598C57C}
		{09AF9CCE-AE03-44CE-BC28-BE64814DAED6} = {B716F4B4-681B-4C2E-B8DE-9C88811DE55E}
		{F10C3EF6-1C8D-4D94-8B73-AE4B02E8B605} = {09AF9CCE-AE03-44CE-BC28-BE64814DAED6}
		{925EF821-46C7-4AA7-8E8A-A6B2FF136D3A} = {09AF9CCE-AE03-44CE-BC28-BE64814DAED6}
		{961D56B0-BAC6-49F8-8422-2172CD689D28} = {227F191E-57DF-45EB-AB1A-25FC9598C57C}
		{9D82A31E-441E-4E55-A4F9-DB7516D4E3AC} = {B716F4B4-681B-4C2E-B8DE-9C88811DE55E}
		{C6F267A1-B53F-42D8-9A75-4E88EF0BD8C7} = {9D82A31E-441E-4E55-A4F9-DB7516D4E3AC}
		{2ADABD81-699D-47D7-8AB5-9160E3CF01D8} = {9D82A31E-441E-4E55-A4F9-DB7516D4E3AC}
		{DA5D6E47-D967-4732-9ECA-FD6B65E7D1E8} = {7EA04E24-6F7E-4F49-8896-356F6E00C58A}
		{E61ED84F-6741-4CEE-8EC4-14F9F895E92A} = {DA5D6E47-D967-4732-9ECA-FD6B65E7D1E8}
		{748A0525-0102-46D8-BA2F-528DA1F0D5B7} = {DA5D6E47-D967-4732-9ECA-FD6B65E7D1E8}
		{37C4062B-D0DA-4F5D-A928-317A4C5E3D6C} = {227F191E-57DF-45EB-AB1A-25FC9598C57C}
		{D71870EF-8A41-46EB-B6E4-FA8163D0A538} = {B716F4B4-681B-4C2E-B8DE-9C88811DE55E}
		{5308D3B7-FF3C-41FB-A8AB-E25D3F161AF8} = {D71870EF-8A41-46EB-B6E4-FA8163D0A538}
		{EFC80F85-8208-4DF0-A01E-1901332163CD} = {E04100F5-10EA-47F2-8A04-6A7B6B5A804D}
		{C0A0C5B1-BEBE-4C9D-8237-B1C2CFE51BF8} = {A97676D5-09E5-4ABC-8BE3-6514B10C19BF}
		{99CC0C66-3848-44CE-91C8-39860AC86F9A} = {C0A0C5B1-BEBE-4C9D-8237-B1C2CFE51BF8}
		{F391905A-1342-45D0-931F-F967CB1A0A8A} = {A97676D5-09E5-4ABC-8BE3-6514B10C19BF}
		{E451C64C-4DF2-4DEF-BB7A-C98B0FFA734B} = {F391905A-1342-45D0-931F-F967CB1A0A8A}
	EndGlobalSection
	GlobalSection(ExtensibilityGlobals) = postSolution
		SolutionGuid = {60CA8CD7-A4B2-4BC2-A785-31E8A26B575A}
	EndGlobalSection
EndGlobal
